
Microsoft Visual Studio Solution File, Format Version 12.00
# Visual Studio Version 17
VisualStudioVersion = 17.11.35219.272
MinimumVisualStudioVersion = 10.0.40219.1
Project("{9A19103F-16F7-4668-BE54-9A1E7A4F7556}") = "Tarea4", "Tarea4\Tarea4.csproj", "{6EC3D857-49C1-431B-849F-CAE7D7057093}"
EndProject
Project("{9A19103F-16F7-4668-BE54-9A1E7A4F7556}") = "Tarea4Lib", "Tarea4Lib\Tarea4Lib.csproj", "{C5AD13D2-F3E7-44C0-BE73-8F5087B4104C}"
EndProject
Global
	GlobalSection(SolutionConfigurationPlatforms) = preSolution
		Debug|Any CPU = Debug|Any CPU
		Release|Any CPU = Release|Any CPU
	EndGlobalSection
	GlobalSection(ProjectConfigurationPlatforms) = postSolution
		{6EC3D857-49C1-431B-849F-CAE7D7057093}.Debug|Any CPU.ActiveCfg = Debug|Any CPU
		{6EC3D857-49C1-431B-849F-CAE7D7057093}.Debug|Any CPU.Build.0 = Debug|Any CPU
		{6EC3D857-49C1-431B-849F-CAE7D7057093}.Release|Any CPU.ActiveCfg = Release|Any CPU
		{6EC3D857-49C1-431B-849F-CAE7D7057093}.Release|Any CPU.Build.0 = Release|Any CPU
		{C5AD13D2-F3E7-44C0-BE73-8F5087B4104C}.Debug|Any CPU.ActiveCfg = Debug|Any CPU
		{C5AD13D2-F3E7-44C0-BE73-8F5087B4104C}.Debug|Any CPU.Build.0 = Debug|Any CPU
		{C5AD13D2-F3E7-44C0-BE73-8F5087B4104C}.Release|Any CPU.ActiveCfg = Release|Any CPU
		{C5AD13D2-F3E7-44C0-BE73-8F5087B4104C}.Release|Any CPU.Build.0 = Release|Any CPU
	EndGlobalSection
	GlobalSection(SolutionProperties) = preSolution
		HideSolutionNode = FALSE
	EndGlobalSection
	GlobalSection(ExtensibilityGlobals) = postSolution
		SolutionGuid = {0D826CC6-A9F8-42D8-8325-0D533A9BBC39}
	EndGlobalSection
EndGlobal
